
Microsoft Visual Studio Solution File, Format Version 12.00
# Visual Studio Version 17
VisualStudioVersion = 17.7.34202.233
MinimumVisualStudioVersion = 10.0.40219.1
Project("{FAE04EC0-301F-11D3-BF4B-00C04F79EFBC}") = "Recipe.Servises", "Recipe.Servises\Recipe.Servises.csproj", "{F6723102-14B8-463D-BC76-465416DE00FC}"
EndProject
Project("{FAE04EC0-301F-11D3-BF4B-00C04F79EFBC}") = "Recipe.Models", "Recipe.Models\Recipe.Models.csproj", "{1E1AF42B-26A5-41DD-9860-E75D491175C2}"
EndProject
Project("{FAE04EC0-301F-11D3-BF4B-00C04F79EFBC}") = "Recipe.UI", "Recipe.UI\Recipe.UI.csproj", "{DFCCB287-6960-4A12-A5E7-2ABAF6D11A7E}"
EndProject
Global
	GlobalSection(SolutionConfigurationPlatforms) = preSolution
		Debug|Any CPU = Debug|Any CPU
		Release|Any CPU = Release|Any CPU
	EndGlobalSection
	GlobalSection(ProjectConfigurationPlatforms) = postSolution
		{F6723102-14B8-463D-BC76-465416DE00FC}.Debug|Any CPU.ActiveCfg = Debug|Any CPU
		{F6723102-14B8-463D-BC76-465416DE00FC}.Debug|Any CPU.Build.0 = Debug|Any CPU
		{F6723102-14B8-463D-BC76-465416DE00FC}.Release|Any CPU.ActiveCfg = Release|Any CPU
		{F6723102-14B8-463D-BC76-465416DE00FC}.Release|Any CPU.Build.0 = Release|Any CPU
		{1E1AF42B-26A5-41DD-9860-E75D491175C2}.Debug|Any CPU.ActiveCfg = Debug|Any CPU
		{1E1AF42B-26A5-41DD-9860-E75D491175C2}.Debug|Any CPU.Build.0 = Debug|Any CPU
		{1E1AF42B-26A5-41DD-9860-E75D491175C2}.Release|Any CPU.ActiveCfg = Release|Any CPU
		{1E1AF42B-26A5-41DD-9860-E75D491175C2}.Release|Any CPU.Build.0 = Release|Any CPU
		{DFCCB287-6960-4A12-A5E7-2ABAF6D11A7E}.Debug|Any CPU.ActiveCfg = Debug|Any CPU
		{DFCCB287-6960-4A12-A5E7-2ABAF6D11A7E}.Debug|Any CPU.Build.0 = Debug|Any CPU
		{DFCCB287-6960-4A12-A5E7-2ABAF6D11A7E}.Release|Any CPU.ActiveCfg = Release|Any CPU
		{DFCCB287-6960-4A12-A5E7-2ABAF6D11A7E}.Release|Any CPU.Build.0 = Release|Any CPU
	EndGlobalSection
	GlobalSection(SolutionProperties) = preSolution
		HideSolutionNode = FALSE
	EndGlobalSection
	GlobalSection(ExtensibilityGlobals) = postSolution
		SolutionGuid = {8E781C93-C3E5-43EC-A5F7-CDABE09966B3}
	EndGlobalSection
EndGlobal
